{
  "originHash" : "667507bb6033346868623804ffe30767b5be0e5280a832f91c6d5b025ae6de7d",
  "pins" : [
    {
      "identity" : "swiftuisnappingscrollview",
      "kind" : "remoteSourceControl",
      "location" : "https://github.com/rewardStyle/SwiftUISnappingScrollView.git",
      "state" : {
        "branch" : "main",
        "revision" : "b0d4a44015336331b3f92c1afbfb87b03c025d5e"
      }
    }
  ],
  "version" : 3
}
