// !$*UTF8*$!
{
	archiveVersion = 1;
	classes = {
	};
	objectVersion = 56;
	objects = {

/* Begin PBXBuildFile section */
		A79B6BB22BBB3C2A00E728D8 /* ScrollViewPagingBootcampApp.swift in Sources */ = {isa = PBXBuildFile; fileRef = A79B6BB12BBB3C2A00E728D8 /* ScrollViewPagingBootcampApp.swift */; };
		A79B6BB42BBB3C2A00E728D8 /* ContentView.swift in Sources */ = {isa = PBXBuildFile; fileRef = A79B6BB32BBB3C2A00E728D8 /* ContentView.swift */; };
		A79B6BB62BBB3C2B00E728D8 /* Assets.xcassets in Resources */ = {isa = PBXBuildFile; fileRef = A79B6BB52BBB3C2B00E728D8 /* Assets.xcassets */; };
		A79B6BB92BBB3C2B00E728D8 /* Preview Assets.xcassets in Resources */ = {isa = PBXBuildFile; fileRef = A79B6BB82BBB3C2B00E728D8 /* Preview Assets.xcassets */; };
		A7CDDE232BEBD355006674F2 /* SwiftUISnappingScrollView in Frameworks */ = {isa = PBXBuildFile; productRef = A7CDDE222BEBD355006674F2 /* SwiftUISnappingScrollView */; };
/* End PBXBuildFile section */

/* Begin PBXFileReference section */
		A79B6BAE2BBB3C2A00E728D8 /* ScrollViewPagingBootcamp.app */ = {isa = PBXFileReference; explicitFileType = wrapper.application; includeInIndex = 0; path = ScrollViewPagingBootcamp.app; sourceTree = BUILT_PRODUCTS_DIR; };
		A79B6BB12BBB3C2A00E728D8 /* ScrollViewPagingBootcampApp.swift */ = {isa = PBXFileReference; lastKnownFileType = sourcecode.swift; path = ScrollViewPagingBootcampApp.swift; sourceTree = "<group>"; };
		A79B6BB32BBB3C2A00E728D8 /* ContentView.swift */ = {isa = PBXFileReference; lastKnownFileType = sourcecode.swift; path = ContentView.swift; sourceTree = "<group>"; };
		A79B6BB52BBB3C2B00E728D8 /* Assets.xcassets */ = {isa = PBXFileReference; lastKnownFileType = folder.assetcatalog; path = Assets.xcassets; sourceTree = "<group>"; };
		A79B6BB82BBB3C2B00E728D8 /* Preview Assets.xcassets */ = {isa = PBXFileReference; lastKnownFileType = folder.assetcatalog; path = "Preview Assets.xcassets"; sourceTree = "<group>"; };
/* End PBXFileReference section */

/* Begin PBXFrameworksBuildPhase section */
		A79B6BAB2BBB3C2A00E728D8 /* Frameworks */ = {
			isa = PBXFrameworksBuildPhase;
			buildActionMask = 2147483647;
			files = (
				A7CDDE232BEBD355006674F2 /* SwiftUISnappingScrollView in Frameworks */,
			);
			runOnlyForDeploymentPostprocessing = 0;
		};
/* End PBXFrameworksBuildPhase section */

/* Begin PBXGroup section */
		A79B6BA52BBB3C2A00E728D8 = {
			isa = PBXGroup;
			children = (
				A79B6BB02BBB3C2A00E728D8 /* ScrollViewPagingBootcamp */,
				A79B6BAF2BBB3C2A00E728D8 /* Products */,
			);
			sourceTree = "<group>";
		};
		A79B6BAF2BBB3C2A00E728D8 /* Products */ = {
			isa = PBXGroup;
			children = (
				A79B6BAE2BBB3C2A00E728D8 /* ScrollViewPagingBootcamp.app */,
			);
			name = Products;
			sourceTree = "<group>";
		};
		A79B6BB02BBB3C2A00E728D8 /* ScrollViewPagingBootcamp */ = {
			isa = PBXGroup;
			children = (
				A79B6BB12BBB3C2A00E728D8 /* ScrollViewPagingBootcampApp.swift */,
				A79B6BB32BBB3C2A00E728D8 /* ContentView.swift */,
				A79B6BB52BBB3C2B00E728D8 /* Assets.xcassets */,
				A79B6BB72BBB3C2B00E728D8 /* Preview Content */,
			);
			path = ScrollViewPagingBootcamp;
			sourceTree = "<group>";
		};
		A79B6BB72BBB3C2B00E728D8 /* Preview Content */ = {
			isa = PBXGroup;
			children = (
				A79B6BB82BBB3C2B00E728D8 /* Preview Assets.xcassets */,
			);
			path = "Preview Content";
			sourceTree = "<group>";
		};
/* End PBXGroup section */

/* Begin PBXNativeTarget section */
		A79B6BAD2BBB3C2A00E728D8 /* ScrollViewPagingBootcamp */ = {
			isa = PBXNativeTarget;
			buildConfigurationList = A79B6BBC2BBB3C2B00E728D8 /* Build configuration list for PBXNativeTarget "ScrollViewPagingBootcamp" */;
			buildPhases = (
				A79B6BAA2BBB3C2A00E728D8 /* Sources */,
				A79B6BAB2BBB3C2A00E728D8 /* Frameworks */,
				A79B6BAC2BBB3C2A00E728D8 /* Resources */,
			);
			buildRules = (
			);
			dependencies = (
			);
			name = ScrollViewPagingBootcamp;
			packageProductDependencies = (
				A7CDDE222BEBD355006674F2 /* SwiftUISnappingScrollView */,
			);
			productName = ScrollViewPagingBootcamp;
			productReference = A79B6BAE2BBB3C2A00E728D8 /* ScrollViewPagingBootcamp.app */;
			productType = "com.apple.product-type.application";
		};
/* End PBXNativeTarget section */

/* Begin PBXProject section */
		A79B6BA62BBB3C2A00E728D8 /* Project object */ = {
			isa = PBXProject;
			attributes = {
				BuildIndependentTargetsInParallel = 1;
				LastSwiftUpdateCheck = 1530;
				LastUpgradeCheck = 1530;
				TargetAttributes = {
					A79B6BAD2BBB3C2A00E728D8 = {
						CreatedOnToolsVersion = 15.3;
					};
				};
			};
			buildConfigurationList = A79B6BA92BBB3C2A00E728D8 /* Build configuration list for PBXProject "ScrollViewPagingBootcamp" */;
			compatibilityVersion = "Xcode 14.0";
			developmentRegion = en;
			hasScannedForEncodings = 0;
			knownRegions = (
				en,
				Base,
			);
			mainGroup = A79B6BA52BBB3C2A00E728D8;
			packageReferences = (
				A7CDDE212BEBD355006674F2 /* XCRemoteSwiftPackageReference "SwiftUISnappingScrollView" */,
			);
			productRefGroup = A79B6BAF2BBB3C2A00E728D8 /* Products */;
			projectDirPath = "";
			projectRoot = "";
			targets = (
				A79B6BAD2BBB3C2A00E728D8 /* ScrollViewPagingBootcamp */,
			);
		};
/* End PBXProject section */

/* Begin PBXResourcesBuildPhase section */
		A79B6BAC2BBB3C2A00E728D8 /* Resources */ = {
			isa = PBXResourcesBuildPhase;
			buildActionMask = 2147483647;
			files = (
				A79B6BB92BBB3C2B00E728D8 /* Preview Assets.xcassets in Resources */,
				A79B6BB62BBB3C2B00E728D8 /* Assets.xcassets in Resources */,
			);
			runOnlyForDeploymentPostprocessing = 0;
		};
/* End PBXResourcesBuildPhase section */

/* Begin PBXSourcesBuildPhase section */
		A79B6BAA2BBB3C2A00E728D8 /* Sources */ = {
			isa = PBXSourcesBuildPhase;
			buildActionMask = 2147483647;
			files = (
				A79B6BB42BBB3C2A00E728D8 /* ContentView.swift in Sources */,
				A79B6BB22BBB3C2A00E728D8 /* ScrollViewPagingBootcampApp.swift in Sources */,
			);
			runOnlyForDeploymentPostprocessing = 0;
		};
/* End PBXSourcesBuildPhase section */

/* Begin XCBuildConfiguration section */
		A79B6BBA2BBB3C2B00E728D8 /* Debug */ = {
			isa = XCBuildConfiguration;
			buildSettings = {
				ALWAYS_SEARCH_USER_PATHS = NO;
				ASSETCATALOG_COMPILER_GENERATE_SWIFT_ASSET_SYMBOL_EXTENSIONS = YES;
				CLANG_ANALYZER_NONNULL = YES;
				CLANG_ANALYZER_NUMBER_OBJECT_CONVERSION = YES_AGGRESSIVE;
				CLANG_CXX_LANGUAGE_STANDARD = "gnu++20";
				CLANG_ENABLE_MODULES = YES;
				CLANG_ENABLE_OBJC_ARC = YES;
				CLANG_ENABLE_OBJC_WEAK = YES;
				CLANG_WARN_BLOCK_CAPTURE_AUTORELEASING = YES;
				CLANG_WARN_BOOL_CONVERSION = YES;
				CLANG_WARN_COMMA = YES;
				CLANG_WARN_CONSTANT_CONVERSION = YES;
				CLANG_WARN_DEPRECATED_OBJC_IMPLEMENTATIONS = YES;
				CLANG_WARN_DIRECT_OBJC_ISA_USAGE = YES_ERROR;
				CLANG_WARN_DOCUMENTATION_COMMENTS = YES;
				CLANG_WARN_EMPTY_BODY = YES;
				CLANG_WARN_ENUM_CONVERSION = YES;
				CLANG_WARN_INFINITE_RECURSION = YES;
				CLANG_WARN_INT_CONVERSION = YES;
				CLANG_WARN_NON_LITERAL_NULL_CONVERSION = YES;
				CLANG_WARN_OBJC_IMPLICIT_RETAIN_SELF = YES;
				CLANG_WARN_OBJC_LITERAL_CONVERSION = YES;
				CLANG_WARN_OBJC_ROOT_CLASS = YES_ERROR;
				CLANG_WARN_QUOTED_INCLUDE_IN_FRAMEWORK_HEADER = YES;
				CLANG_WARN_RANGE_LOOP_ANALYSIS = YES;
				CLANG_WARN_STRICT_PROTOTYPES = YES;
				CLANG_WARN_SUSPICIOUS_MOVE = YES;
				CLANG_WARN_UNGUARDED_AVAILABILITY = YES_AGGRESSIVE;
				CLANG_WARN_UNREACHABLE_CODE = YES;
				CLANG_WARN__DUPLICATE_METHOD_MATCH = YES;
				COPY_PHASE_STRIP = NO;
				DEBUG_INFORMATION_FORMAT = dwarf;
				ENABLE_STRICT_OBJC_MSGSEND = YES;
				ENABLE_TESTABILITY = YES;
				ENABLE_USER_SCRIPT_SANDBOXING = YES;
				GCC_C_LANGUAGE_STANDARD = gnu17;
				GCC_DYNAMIC_NO_PIC = NO;
				GCC_NO_COMMON_BLOCKS = YES;
				GCC_OPTIMIZATION_LEVEL = 0;
				GCC_PREPROCESSOR_DEFINITIONS = (
					"DEBUG=1",
					"$(inherited)",
				);
				GCC_WARN_64_TO_32_BIT_CONVERSION = YES;
				GCC_WARN_ABOUT_RETURN_TYPE = YES_ERROR;
				GCC_WARN_UNDECLARED_SELECTOR = YES;
				GCC_WARN_UNINITIALIZED_AUTOS = YES_AGGRESSIVE;
				GCC_WARN_UNUSED_FUNCTION = YES;
				GCC_WARN_UNUSED_VARIABLE = YES;
				IPHONEOS_DEPLOYMENT_TARGET = 17.4;
				LOCALIZATION_PREFERS_STRING_CATALOGS = YES;
				MTL_ENABLE_DEBUG_INFO = INCLUDE_SOURCE;
				MTL_FAST_MATH = YES;
				ONLY_ACTIVE_ARCH = YES;
				SDKROOT = iphoneos;
				SWIFT_ACTIVE_COMPILATION_CONDITIONS = "DEBUG $(inherited)";
				SWIFT_OPTIMIZATION_LEVEL = "-Onone";
			};
			name = Debug;
		};
		A79B6BBB2BBB3C2B00E728D8 /* Release */ = {
			isa = XCBuildConfiguration;
			buildSettings = {
				ALWAYS_SEARCH_USER_PATHS = NO;
				ASSETCATALOG_COMPILER_GENERATE_SWIFT_ASSET_SYMBOL_EXTENSIONS = YES;
				CLANG_ANALYZER_NONNULL = YES;
				CLANG_ANALYZER_NUMBER_OBJECT_CONVERSION = YES_AGGRESSIVE;
				CLANG_CXX_LANGUAGE_STANDARD = "gnu++20";
				CLANG_ENABLE_MODULES = YES;
				CLANG_ENABLE_OBJC_ARC = YES;
				CLANG_ENABLE_OBJC_WEAK = YES;
				CLANG_WARN_BLOCK_CAPTURE_AUTORELEASING = YES;
				CLANG_WARN_BOOL_CONVERSION = YES;
				CLANG_WARN_COMMA = YES;
				CLANG_WARN_CONSTANT_CONVERSION = YES;
				CLANG_WARN_DEPRECATED_OBJC_IMPLEMENTATIONS = YES;
				CLANG_WARN_DIRECT_OBJC_ISA_USAGE = YES_ERROR;
				CLANG_WARN_DOCUMENTATION_COMMENTS = YES;
				CLANG_WARN_EMPTY_BODY = YES;
				CLANG_WARN_ENUM_CONVERSION = YES;
				CLANG_WARN_INFINITE_RECURSION = YES;
				CLANG_WARN_INT_CONVERSION = YES;
				CLANG_WARN_NON_LITERAL_NULL_CONVERSION = YES;
				CLANG_WARN_OBJC_IMPLICIT_RETAIN_SELF = YES;
				CLANG_WARN_OBJC_LITERAL_CONVERSION = YES;
				CLANG_WARN_OBJC_ROOT_CLASS = YES_ERROR;
				CLANG_WARN_QUOTED_INCLUDE_IN_FRAMEWORK_HEADER = YES;
				CLANG_WARN_RANGE_LOOP_ANALYSIS = YES;
				CLANG_WARN_STRICT_PROTOTYPES = YES;
				CLANG_WARN_SUSPICIOUS_MOVE = YES;
				CLANG_WARN_UNGUARDED_AVAILABILITY = YES_AGGRESSIVE;
				CLANG_WARN_UNREACHABLE_CODE = YES;
				CLANG_WARN__DUPLICATE_METHOD_MATCH = YES;
				COPY_PHASE_STRIP = NO;
				DEBUG_INFORMATION_FORMAT = "dwarf-with-dsym";
				ENABLE_NS_ASSERTIONS = NO;
				ENABLE_STRICT_OBJC_MSGSEND = YES;
				ENABLE_USER_SCRIPT_SANDBOXING = YES;
				GCC_C_LANGUAGE_STANDARD = gnu17;
				GCC_NO_COMMON_BLOCKS = YES;
				GCC_WARN_64_TO_32_BIT_CONVERSION = YES;
				GCC_WARN_ABOUT_RETURN_TYPE = YES_ERROR;
				GCC_WARN_UNDECLARED_SELECTOR = YES;
				GCC_WARN_UNINITIALIZED_AUTOS = YES_AGGRESSIVE;
				GCC_WARN_UNUSED_FUNCTION = YES;
				GCC_WARN_UNUSED_VARIABLE = YES;
				IPHONEOS_DEPLOYMENT_TARGET = 17.4;
				LOCALIZATION_PREFERS_STRING_CATALOGS = YES;
				MTL_ENABLE_DEBUG_INFO = NO;
				MTL_FAST_MATH = YES;
				SDKROOT = iphoneos;
				SWIFT_COMPILATION_MODE = wholemodule;
				VALIDATE_PRODUCT = YES;
			};
			name = Release;
		};
		A79B6BBD2BBB3C2B00E728D8 /* Debug */ = {
			isa = XCBuildConfiguration;
			buildSettings = {
				ASSETCATALOG_COMPILER_APPICON_NAME = AppIcon;
				ASSETCATALOG_COMPILER_GLOBAL_ACCENT_COLOR_NAME = AccentColor;
				CODE_SIGN_STYLE = Automatic;
				CURRENT_PROJECT_VERSION = 1;
				DEVELOPMENT_ASSET_PATHS = "\"ScrollViewPagingBootcamp/Preview Content\"";
				DEVELOPMENT_TEAM = F8TCRR34DJ;
				ENABLE_PREVIEWS = YES;
				GENERATE_INFOPLIST_FILE = YES;
				INFOPLIST_KEY_UIApplicationSceneManifest_Generation = YES;
				INFOPLIST_KEY_UIApplicationSupportsIndirectInputEvents = YES;
				INFOPLIST_KEY_UILaunchScreen_Generation = YES;
				INFOPLIST_KEY_UISupportedInterfaceOrientations_iPad = "UIInterfaceOrientationPortrait UIInterfaceOrientationPortraitUpsideDown UIInterfaceOrientationLandscapeLeft UIInterfaceOrientationLandscapeRight";
				INFOPLIST_KEY_UISupportedInterfaceOrientations_iPhone = "UIInterfaceOrientationPortrait UIInterfaceOrientationLandscapeLeft UIInterfaceOrientationLandscapeRight";
				IPHONEOS_DEPLOYMENT_TARGET = 15.0;
				LD_RUNPATH_SEARCH_PATHS = (
					"$(inherited)",
					"@executable_path/Frameworks",
				);
				MARKETING_VERSION = 1.0;
				PRODUCT_BUNDLE_IDENTIFIER = com.macgirl.ScrollViewPagingBootcamp.ScrollViewPagingBootcamp;
				PRODUCT_NAME = "$(TARGET_NAME)";
				SWIFT_EMIT_LOC_STRINGS = YES;
				SWIFT_VERSION = 5.0;
				TARGETED_DEVICE_FAMILY = "1,2";
			};
			name = Debug;
		};
		A79B6BBE2BBB3C2B00E728D8 /* Release */ = {
			isa = XCBuildConfiguration;
			buildSettings = {
				ASSETCATALOG_COMPILER_APPICON_NAME = AppIcon;
				ASSETCATALOG_COMPILER_GLOBAL_ACCENT_COLOR_NAME = AccentColor;
				CODE_SIGN_STYLE = Automatic;
				CURRENT_PROJECT_VERSION = 1;
				DEVELOPMENT_ASSET_PATHS = "\"ScrollViewPagingBootcamp/Preview Content\"";
				DEVELOPMENT_TEAM = F8TCRR34DJ;
				ENABLE_PREVIEWS = YES;
				GENERATE_INFOPLIST_FILE = YES;
				INFOPLIST_KEY_UIApplicationSceneManifest_Generation = YES;
				INFOPLIST_KEY_UIApplicationSupportsIndirectInputEvents = YES;
				INFOPLIST_KEY_UILaunchScreen_Generation = YES;
				INFOPLIST_KEY_UISupportedInterfaceOrientations_iPad = "UIInterfaceOrientationPortrait UIInterfaceOrientationPortraitUpsideDown UIInterfaceOrientationLandscapeLeft UIInterfaceOrientationLandscapeRight";
				INFOPLIST_KEY_UISupportedInterfaceOrientations_iPhone = "UIInterfaceOrientationPortrait UIInterfaceOrientationLandscapeLeft UIInterfaceOrientationLandscapeRight";
				IPHONEOS_DEPLOYMENT_TARGET = 15.0;
				LD_RUNPATH_SEARCH_PATHS = (
					"$(inherited)",
					"@executable_path/Frameworks",
				);
				MARKETING_VERSION = 1.0;
				PRODUCT_BUNDLE_IDENTIFIER = com.macgirl.ScrollViewPagingBootcamp.ScrollViewPagingBootcamp;
				PRODUCT_NAME = "$(TARGET_NAME)";
				SWIFT_EMIT_LOC_STRINGS = YES;
				SWIFT_VERSION = 5.0;
				TARGETED_DEVICE_FAMILY = "1,2";
			};
			name = Release;
		};
/* End XCBuildConfiguration section */

/* Begin XCConfigurationList section */
		A79B6BA92BBB3C2A00E728D8 /* Build configuration list for PBXProject "ScrollViewPagingBootcamp" */ = {
			isa = XCConfigurationList;
			buildConfigurations = (
				A79B6BBA2BBB3C2B00E728D8 /* Debug */,
				A79B6BBB2BBB3C2B00E728D8 /* Release */,
			);
			defaultConfigurationIsVisible = 0;
			defaultConfigurationName = Release;
		};
		A79B6BBC2BBB3C2B00E728D8 /* Build configuration list for PBXNativeTarget "ScrollViewPagingBootcamp" */ = {
			isa = XCConfigurationList;
			buildConfigurations = (
				A79B6BBD2BBB3C2B00E728D8 /* Debug */,
				A79B6BBE2BBB3C2B00E728D8 /* Release */,
			);
			defaultConfigurationIsVisible = 0;
			defaultConfigurationName = Release;
		};
/* End XCConfigurationList section */

/* Begin XCRemoteSwiftPackageReference section */
		A7CDDE212BEBD355006674F2 /* XCRemoteSwiftPackageReference "SwiftUISnappingScrollView" */ = {
			isa = XCRemoteSwiftPackageReference;
			repositoryURL = "https://github.com/rewardStyle/SwiftUISnappingScrollView.git";
			requirement = {
				branch = main;
				kind = branch;
			};
		};
/* End XCRemoteSwiftPackageReference section */

/* Begin XCSwiftPackageProductDependency section */
		A7CDDE222BEBD355006674F2 /* SwiftUISnappingScrollView */ = {
			isa = XCSwiftPackageProductDependency;
			package = A7CDDE212BEBD355006674F2 /* XCRemoteSwiftPackageReference "SwiftUISnappingScrollView" */;
			productName = SwiftUISnappingScrollView;
		};
/* End XCSwiftPackageProductDependency section */
	};
	rootObject = A79B6BA62BBB3C2A00E728D8 /* Project object */;
}
